
Microsoft Visual Studio Solution File, Format Version 12.00
# Visual Studio Version 17
VisualStudioVersion = 17.7.34024.191
MinimumVisualStudioVersion = 10.0.40219.1
Project("{FAE04EC0-301F-11D3-BF4B-00C04F79EFBC}") = "CodeGeneratorDesktopUI", "CodeGeneratorDesktopUI.csproj", "{AEB31FCD-17C3-41EE-8102-F6C449A50547}"
EndProject
Project("{FAE04EC0-301F-11D3-BF4B-00C04F79EFBC}") = "CodeGeneratorDataAccess", "..\CodeGeneratorDataAccess\CodeGeneratorDataAccess.csproj", "{704B5107-280E-42F3-BE08-50759A98F090}"
EndProject
Project("{FAE04EC0-301F-11D3-BF4B-00C04F79EFBC}") = "CodeGeneratorBusiness", "..\CodeGeneratorBusiness\CodeGeneratorBusiness.csproj", "{1EE78A04-06F0-4000-9FE5-49F1F832657B}"
EndProject
Global
	GlobalSection(SolutionConfigurationPlatforms) = preSolution
		Debug|Any CPU = Debug|Any CPU
		Release|Any CPU = Release|Any CPU
	EndGlobalSection
	GlobalSection(ProjectConfigurationPlatforms) = postSolution
		{AEB31FCD-17C3-41EE-8102-F6C449A50547}.Debug|Any CPU.ActiveCfg = Debug|Any CPU
		{AEB31FCD-17C3-41EE-8102-F6C449A50547}.Debug|Any CPU.Build.0 = Debug|Any CPU
		{AEB31FCD-17C3-41EE-8102-F6C449A50547}.Release|Any CPU.ActiveCfg = Release|Any CPU
		{AEB31FCD-17C3-41EE-8102-F6C449A50547}.Release|Any CPU.Build.0 = Release|Any CPU
		{704B5107-280E-42F3-BE08-50759A98F090}.Debug|Any CPU.ActiveCfg = Debug|Any CPU
		{704B5107-280E-42F3-BE08-50759A98F090}.Debug|Any CPU.Build.0 = Debug|Any CPU
		{704B5107-280E-42F3-BE08-50759A98F090}.Release|Any CPU.ActiveCfg = Release|Any CPU
		{704B5107-280E-42F3-BE08-50759A98F090}.Release|Any CPU.Build.0 = Release|Any CPU
		{1EE78A04-06F0-4000-9FE5-49F1F832657B}.Debug|Any CPU.ActiveCfg = Debug|Any CPU
		{1EE78A04-06F0-4000-9FE5-49F1F832657B}.Debug|Any CPU.Build.0 = Debug|Any CPU
		{1EE78A04-06F0-4000-9FE5-49F1F832657B}.Release|Any CPU.ActiveCfg = Release|Any CPU
		{1EE78A04-06F0-4000-9FE5-49F1F832657B}.Release|Any CPU.Build.0 = Release|Any CPU
	EndGlobalSection
	GlobalSection(SolutionProperties) = preSolution
		HideSolutionNode = FALSE
	EndGlobalSection
	GlobalSection(ExtensibilityGlobals) = postSolution
		SolutionGuid = {648E8B74-E06D-4C44-8584-200E39BFCDED}
	EndGlobalSection
EndGlobal
